<?xml version="1.0" encoding="UTF-8" standalone="yes" ?>
<CodeBlocks_project_file>
	<FileVersion major="1" minor="6" />
	<Project>
		<Option title="Projet_SDL2" />
		<Option pch_mode="2" />
		<Option compiler="gcc" />
		<Build>
			<Target title="Debug">
				<Option output="bin/Debug/Projet_SDL2" prefix_auto="1" extension_auto="1" />
				<Option object_output="obj/Debug/" />
				<Option type="1" />
				<Option compiler="gcc" />
				<Compiler>
					<Add option="-g" />
				</Compiler>
			</Target>
			<Target title="Release">
				<Option output="bin/Release/Projet_SDL2" prefix_auto="1" extension_auto="1" />
				<Option object_output="obj/Release/" />
				<Option type="1" />
				<Option compiler="gcc" />
				<Compiler>
					<Add option="-O2" />
				</Compiler>
				<Linker>
					<Add option="-s" />
				</Linker>
			</Target>
		</Build>
		<Compiler>
			<Add option="-Wextra" />
			<Add option="-Wall" />
			<Add directory="./include" />
		</Compiler>
		<Linker>
			<Add library="libmingw32.a" />
			<Add library="libSDL2main.a" />
			<Add library="libSDL2.a" />
			<Add library="libSDL2.dll.a" />
			<Add directory="./lib" />
		</Linker>
		<Unit filename="src/draw/display.cpp" />
		<Unit filename="src/draw/display.h" />
		<Unit filename="src/draw/gfx/SDL2_framerate.c">
			<Option compilerVar="CC" />
		</Unit>
		<Unit filename="src/draw/gfx/SDL2_framerate.h" />
		<Unit filename="src/draw/gfx/SDL2_gfxPrimitives.c">
			<Option compilerVar="CC" />
		</Unit>
		<Unit filename="src/draw/gfx/SDL2_gfxPrimitives.h" />
		<Unit filename="src/draw/gfx/SDL2_gfxPrimitives_font.h" />
		<Unit filename="src/draw/gfx/SDL2_imageFilter.c">
			<Option compilerVar="CC" />
		</Unit>
		<Unit filename="src/draw/gfx/SDL2_imageFilter.h" />
		<Unit filename="src/draw/gfx/SDL2_rotozoom.c">
			<Option compilerVar="CC" />
		</Unit>
		<Unit filename="src/draw/gfx/SDL2_rotozoom.h" />
		<Unit filename="src/draw/screen.cpp" />
		<Unit filename="src/draw/screen.h" />
		<Unit filename="src/main.cpp" />
		<Unit filename="src/util/color.cpp" />
		<Unit filename="src/util/color.h" />
		<Unit filename="src/util/input.cpp" />
		<Unit filename="src/util/input.h" />
		<Unit filename="src/util/vec.cpp" />
		<Unit filename="src/util/vec.h" />
		<Unit filename="src/world/entity.cpp" />
		<Unit filename="src/world/entity.h" />
		<Unit filename="src/world/fight/direction.cpp" />
		<Unit filename="src/world/fight/direction.h" />
		<Unit filename="src/world/fight/effect.cpp" />
		<Unit filename="src/world/fight/effect.h" />
		<Unit filename="src/world/fight/node.cpp" />
		<Unit filename="src/world/fight/node.h" />
		<Unit filename="src/world/fight/projectile/projectile.cpp" />
		<Unit filename="src/world/fight/projectile/projectile.h" />
		<Unit filename="src/world/monster.cpp" />
		<Unit filename="src/world/monster.h" />
		<Unit filename="src/world/player/player.cpp" />
		<Unit filename="src/world/player/player.h" />
		<Unit filename="src/world/player/target/target.cpp" />
		<Unit filename="src/world/player/target/target.h" />
		<Unit filename="src/world/world.cpp" />
		<Unit filename="src/world/world.h" />
		<Extensions>
			<code_completion />
			<envvars />
			<debugger />
			<lib_finder disable_auto="1" />
		</Extensions>
	</Project>
</CodeBlocks_project_file>
